
Microsoft Visual Studio Solution File, Format Version 12.00
# Visual Studio 15
VisualStudioVersion = 15.0.28010.2003
MinimumVisualStudioVersion = 10.0.40219.1
Project("{FAE04EC0-301F-11D3-BF4B-00C04F79EFBC}") = "ARV", "ARV\ARV.csproj", "{1BC58A75-D1F1-4A92-90F1-A59F3FF989D1}"
EndProject
Global
	GlobalSection(SolutionConfigurationPlatforms) = preSolution
		Debug|Any CPU = Debug|Any CPU
		Release|Any CPU = Release|Any CPU
	EndGlobalSection
	GlobalSection(ProjectConfigurationPlatforms) = postSolution
		{1BC58A75-D1F1-4A92-90F1-A59F3FF989D1}.Debug|Any CPU.ActiveCfg = Debug|Any CPU
		{1BC58A75-D1F1-4A92-90F1-A59F3FF989D1}.Debug|Any CPU.Build.0 = Debug|Any CPU
		{1BC58A75-D1F1-4A92-90F1-A59F3FF989D1}.Release|Any CPU.ActiveCfg = Release|Any CPU
		{1BC58A75-D1F1-4A92-90F1-A59F3FF989D1}.Release|Any CPU.Build.0 = Release|Any CPU
	EndGlobalSection
	GlobalSection(SolutionProperties) = preSolution
		HideSolutionNode = FALSE
	EndGlobalSection
	GlobalSection(ExtensibilityGlobals) = postSolution
		SolutionGuid = {F964310C-2337-4DA0-B1AB-7809D3B83EC0}
	EndGlobalSection
EndGlobal
