
Microsoft Visual Studio Solution File, Format Version 12.00
# Visual Studio 15
VisualStudioVersion = 15.0.28010.2003
MinimumVisualStudioVersion = 10.0.40219.1
Project("{FAE04EC0-301F-11D3-BF4B-00C04F79EFBC}") = "CRUD ASP.NET", "CRUD ASP.NET\CRUD ASP.NET.csproj", "{FDBBB45D-AF69-4E03-97AA-EDA6D435BEF4}"
EndProject
Global
	GlobalSection(SolutionConfigurationPlatforms) = preSolution
		Debug|Any CPU = Debug|Any CPU
		Release|Any CPU = Release|Any CPU
	EndGlobalSection
	GlobalSection(ProjectConfigurationPlatforms) = postSolution
		{FDBBB45D-AF69-4E03-97AA-EDA6D435BEF4}.Debug|Any CPU.ActiveCfg = Debug|Any CPU
		{FDBBB45D-AF69-4E03-97AA-EDA6D435BEF4}.Debug|Any CPU.Build.0 = Debug|Any CPU
		{FDBBB45D-AF69-4E03-97AA-EDA6D435BEF4}.Release|Any CPU.ActiveCfg = Release|Any CPU
		{FDBBB45D-AF69-4E03-97AA-EDA6D435BEF4}.Release|Any CPU.Build.0 = Release|Any CPU
	EndGlobalSection
	GlobalSection(SolutionProperties) = preSolution
		HideSolutionNode = FALSE
	EndGlobalSection
	GlobalSection(ExtensibilityGlobals) = postSolution
		SolutionGuid = {6979E856-28BF-4539-AE4E-DF2828C0DFD3}
	EndGlobalSection
EndGlobal
