
Microsoft Visual Studio Solution File, Format Version 12.00
# Visual Studio 15
VisualStudioVersion = 15.0.28307.136
MinimumVisualStudioVersion = 10.0.40219.1
Project("{FAE04EC0-301F-11D3-BF4B-00C04F79EFBC}") = "TerjeAuth_gjennomgang", "TerjeAuth_gjennomgang\TerjeAuth_gjennomgang.csproj", "{84C7A64B-A473-4F72-AC07-00964DAE18C6}"
EndProject
Global
	GlobalSection(SolutionConfigurationPlatforms) = preSolution
		Debug|Any CPU = Debug|Any CPU
		Release|Any CPU = Release|Any CPU
	EndGlobalSection
	GlobalSection(ProjectConfigurationPlatforms) = postSolution
		{84C7A64B-A473-4F72-AC07-00964DAE18C6}.Debug|Any CPU.ActiveCfg = Debug|Any CPU
		{84C7A64B-A473-4F72-AC07-00964DAE18C6}.Debug|Any CPU.Build.0 = Debug|Any CPU
		{84C7A64B-A473-4F72-AC07-00964DAE18C6}.Release|Any CPU.ActiveCfg = Release|Any CPU
		{84C7A64B-A473-4F72-AC07-00964DAE18C6}.Release|Any CPU.Build.0 = Release|Any CPU
	EndGlobalSection
	GlobalSection(SolutionProperties) = preSolution
		HideSolutionNode = FALSE
	EndGlobalSection
	GlobalSection(ExtensibilityGlobals) = postSolution
		SolutionGuid = {EA848367-B794-46E9-BAEE-68869359D663}
	EndGlobalSection
EndGlobal
