
Microsoft Visual Studio Solution File, Format Version 12.00
# Visual Studio 15
VisualStudioVersion = 15.0.28307.271
MinimumVisualStudioVersion = 10.0.40219.1
Project("{FAE04EC0-301F-11D3-BF4B-00C04F79EFBC}") = "ACM.BL", "ACM.BL\ACM.BL.csproj", "{407578AE-5B57-4DFB-B483-E94BA51B752F}"
EndProject
Project("{2150E333-8FDC-42A3-9474-1A3956D46DE8}") = "Tests", "Tests", "{DA4B0076-3471-448E-83E7-1CD587FCBCA6}"
EndProject
Project("{FAE04EC0-301F-11D3-BF4B-00C04F79EFBC}") = "ACM.BLTest", "Tests\ACM.BLTest\ACM.BLTest.csproj", "{B030246B-BD4E-495A-88EA-2EE725071FE0}"
EndProject
Global
	GlobalSection(SolutionConfigurationPlatforms) = preSolution
		Debug|Any CPU = Debug|Any CPU
		Release|Any CPU = Release|Any CPU
	EndGlobalSection
	GlobalSection(ProjectConfigurationPlatforms) = postSolution
		{407578AE-5B57-4DFB-B483-E94BA51B752F}.Debug|Any CPU.ActiveCfg = Debug|Any CPU
		{407578AE-5B57-4DFB-B483-E94BA51B752F}.Debug|Any CPU.Build.0 = Debug|Any CPU
		{407578AE-5B57-4DFB-B483-E94BA51B752F}.Release|Any CPU.ActiveCfg = Release|Any CPU
		{407578AE-5B57-4DFB-B483-E94BA51B752F}.Release|Any CPU.Build.0 = Release|Any CPU
		{B030246B-BD4E-495A-88EA-2EE725071FE0}.Debug|Any CPU.ActiveCfg = Debug|Any CPU
		{B030246B-BD4E-495A-88EA-2EE725071FE0}.Debug|Any CPU.Build.0 = Debug|Any CPU
		{B030246B-BD4E-495A-88EA-2EE725071FE0}.Release|Any CPU.ActiveCfg = Release|Any CPU
		{B030246B-BD4E-495A-88EA-2EE725071FE0}.Release|Any CPU.Build.0 = Release|Any CPU
	EndGlobalSection
	GlobalSection(SolutionProperties) = preSolution
		HideSolutionNode = FALSE
	EndGlobalSection
	GlobalSection(NestedProjects) = preSolution
		{B030246B-BD4E-495A-88EA-2EE725071FE0} = {DA4B0076-3471-448E-83E7-1CD587FCBCA6}
	EndGlobalSection
	GlobalSection(ExtensibilityGlobals) = postSolution
		SolutionGuid = {754D1215-F4FE-4EC6-932D-3B523F8D6F9A}
	EndGlobalSection
EndGlobal
