
Microsoft Visual Studio Solution File, Format Version 12.00
# Visual Studio 15
VisualStudioVersion = 15.0.28307.136
MinimumVisualStudioVersion = 10.0.40219.1
Project("{2150E333-8FDC-42A3-9474-1A3956D46DE8}") = "Solution Items", "Solution Items", "{6BE996E5-C0AB-4B75-A681-CE6518586B92}"
	ProjectSection(SolutionItems) = preProject
		app.js = app.js
		module1.js = module1.js
	EndProjectSection
EndProject
Global
	GlobalSection(SolutionProperties) = preSolution
		HideSolutionNode = FALSE
	EndGlobalSection
	GlobalSection(ExtensibilityGlobals) = postSolution
		SolutionGuid = {58B62CD4-505A-4A67-AEF6-DF4A2DE3DC26}
	EndGlobalSection
EndGlobal
