
Microsoft Visual Studio Solution File, Format Version 12.00
# Visual Studio 15
VisualStudioVersion = 15.0.28307.271
MinimumVisualStudioVersion = 10.0.40219.1
Project("{FAE04EC0-301F-11D3-BF4B-00C04F79EFBC}") = "MotivationalQuotes", "MotivationalQuotes\MotivationalQuotes.csproj", "{77094474-6882-42AA-A8B0-9C73D608326C}"
EndProject
Global
	GlobalSection(SolutionConfigurationPlatforms) = preSolution
		Debug|Any CPU = Debug|Any CPU
		Release|Any CPU = Release|Any CPU
	EndGlobalSection
	GlobalSection(ProjectConfigurationPlatforms) = postSolution
		{77094474-6882-42AA-A8B0-9C73D608326C}.Debug|Any CPU.ActiveCfg = Debug|Any CPU
		{77094474-6882-42AA-A8B0-9C73D608326C}.Debug|Any CPU.Build.0 = Debug|Any CPU
		{77094474-6882-42AA-A8B0-9C73D608326C}.Release|Any CPU.ActiveCfg = Release|Any CPU
		{77094474-6882-42AA-A8B0-9C73D608326C}.Release|Any CPU.Build.0 = Release|Any CPU
	EndGlobalSection
	GlobalSection(SolutionProperties) = preSolution
		HideSolutionNode = FALSE
	EndGlobalSection
	GlobalSection(ExtensibilityGlobals) = postSolution
		SolutionGuid = {92BF400B-0431-44A6-B523-A56F85BB346F}
	EndGlobalSection
EndGlobal
