
Microsoft Visual Studio Solution File, Format Version 12.00
# Visual Studio 15
VisualStudioVersion = 15.0.28010.2003
MinimumVisualStudioVersion = 10.0.40219.1
Project("{FAE04EC0-301F-11D3-BF4B-00C04F79EFBC}") = "WebAPI_ASP.NET", "WebAPI_ASP.NET\WebAPI_ASP.NET.csproj", "{9DF13BA8-D24D-4C52-807D-1B1CB2AB4D83}"
EndProject
Global
	GlobalSection(SolutionConfigurationPlatforms) = preSolution
		Debug|Any CPU = Debug|Any CPU
		Release|Any CPU = Release|Any CPU
	EndGlobalSection
	GlobalSection(ProjectConfigurationPlatforms) = postSolution
		{9DF13BA8-D24D-4C52-807D-1B1CB2AB4D83}.Debug|Any CPU.ActiveCfg = Debug|Any CPU
		{9DF13BA8-D24D-4C52-807D-1B1CB2AB4D83}.Debug|Any CPU.Build.0 = Debug|Any CPU
		{9DF13BA8-D24D-4C52-807D-1B1CB2AB4D83}.Release|Any CPU.ActiveCfg = Release|Any CPU
		{9DF13BA8-D24D-4C52-807D-1B1CB2AB4D83}.Release|Any CPU.Build.0 = Release|Any CPU
	EndGlobalSection
	GlobalSection(SolutionProperties) = preSolution
		HideSolutionNode = FALSE
	EndGlobalSection
	GlobalSection(ExtensibilityGlobals) = postSolution
		SolutionGuid = {512E40DA-C55B-4408-9A83-DC964578F542}
	EndGlobalSection
EndGlobal
